// !$*UTF8*$!
{
	archiveVersion = 1;
	classes = {
	};
	objectVersion = 46;
	objects = {

/* Begin PBXBuildFile section */
		185CDA2A1AE044760047C1D0 /* main.m in Sources */ = {isa = PBXBuildFile; fileRef = 185CDA291AE044760047C1D0 /* main.m */; };
		185CDA2D1AE044760047C1D0 /* AppDelegate.m in Sources */ = {isa = PBXBuildFile; fileRef = 185CDA2C1AE044760047C1D0 /* AppDelegate.m */; };
		185CDA301AE044760047C1D0 /* MoonRunner.xcdatamodeld in Sources */ = {isa = PBXBuildFile; fileRef = 185CDA2E1AE044760047C1D0 /* MoonRunner.xcdatamodeld */; };
		185CDA331AE044760047C1D0 /* MasterViewController.m in Sources */ = {isa = PBXBuildFile; fileRef = 185CDA321AE044760047C1D0 /* MasterViewController.m */; };
		185CDA361AE044760047C1D0 /* DetailViewController.m in Sources */ = {isa = PBXBuildFile; fileRef = 185CDA351AE044760047C1D0 /* DetailViewController.m */; };
		185CDA391AE044760047C1D0 /* Main.storyboard in Resources */ = {isa = PBXBuildFile; fileRef = 185CDA371AE044760047C1D0 /* Main.storyboard */; };
		185CDA3B1AE044760047C1D0 /* Images.xcassets in Resources */ = {isa = PBXBuildFile; fileRef = 185CDA3A1AE044760047C1D0 /* Images.xcassets */; };
		185CDA3E1AE044760047C1D0 /* LaunchScreen.xib in Resources */ = {isa = PBXBuildFile; fileRef = 185CDA3C1AE044760047C1D0 /* LaunchScreen.xib */; };
		185CDA4A1AE044760047C1D0 /* MoonRunnerTests.m in Sources */ = {isa = PBXBuildFile; fileRef = 185CDA491AE044760047C1D0 /* MoonRunnerTests.m */; };
/* End PBXBuildFile section */

/* Begin PBXContainerItemProxy section */
		185CDA441AE044760047C1D0 /* PBXContainerItemProxy */ = {
			isa = PBXContainerItemProxy;
			containerPortal = 185CDA1C1AE044760047C1D0 /* Project object */;
			proxyType = 1;
			remoteGlobalIDString = 185CDA231AE044760047C1D0;
			remoteInfo = MoonRunner;
		};
/* End PBXContainerItemProxy section */

/* Begin PBXFileReference section */
		185CDA241AE044760047C1D0 /* MoonRunner.app */ = {isa = PBXFileReference; explicitFileType = wrapper.application; includeInIndex = 0; path = MoonRunner.app; sourceTree = BUILT_PRODUCTS_DIR; };
		185CDA281AE044760047C1D0 /* Info.plist */ = {isa = PBXFileReference; lastKnownFileType = text.plist.xml; path = Info.plist; sourceTree = "<group>"; };
		185CDA291AE044760047C1D0 /* main.m */ = {isa = PBXFileReference; lastKnownFileType = sourcecode.c.objc; path = main.m; sourceTree = "<group>"; };
		185CDA2B1AE044760047C1D0 /* AppDelegate.h */ = {isa = PBXFileReference; lastKnownFileType = sourcecode.c.h; path = AppDelegate.h; sourceTree = "<group>"; };
		185CDA2C1AE044760047C1D0 /* AppDelegate.m */ = {isa = PBXFileReference; lastKnownFileType = sourcecode.c.objc; path = AppDelegate.m; sourceTree = "<group>"; };
		185CDA2F1AE044760047C1D0 /* MoonRunner.xcdatamodel */ = {isa = PBXFileReference; lastKnownFileType = wrapper.xcdatamodel; path = MoonRunner.xcdatamodel; sourceTree = "<group>"; };
		185CDA311AE044760047C1D0 /* MasterViewController.h */ = {isa = PBXFileReference; lastKnownFileType = sourcecode.c.h; path = MasterViewController.h; sourceTree = "<group>"; };
		185CDA321AE044760047C1D0 /* MasterViewController.m */ = {isa = PBXFileReference; lastKnownFileType = sourcecode.c.objc; path = MasterViewController.m; sourceTree = "<group>"; };
		185CDA341AE044760047C1D0 /* DetailViewController.h */ = {isa = PBXFileReference; lastKnownFileType = sourcecode.c.h; path = DetailViewController.h; sourceTree = "<group>"; };
		185CDA351AE044760047C1D0 /* DetailViewController.m */ = {isa = PBXFileReference; lastKnownFileType = sourcecode.c.objc; path = DetailViewController.m; sourceTree = "<group>"; };
		185CDA381AE044760047C1D0 /* Base */ = {isa = PBXFileReference; lastKnownFileType = file.storyboard; name = Base; path = Base.lproj/Main.storyboard; sourceTree = "<group>"; };
		185CDA3A1AE044760047C1D0 /* Images.xcassets */ = {isa = PBXFileReference; lastKnownFileType = folder.assetcatalog; path = Images.xcassets; sourceTree = "<group>"; };
		185CDA3D1AE044760047C1D0 /* Base */ = {isa = PBXFileReference; lastKnownFileType = file.xib; name = Base; path = Base.lproj/LaunchScreen.xib; sourceTree = "<group>"; };
		185CDA431AE044760047C1D0 /* MoonRunnerTests.xctest */ = {isa = PBXFileReference; explicitFileType = wrapper.cfbundle; includeInIndex = 0; path = MoonRunnerTests.xctest; sourceTree = BUILT_PRODUCTS_DIR; };
		185CDA481AE044760047C1D0 /* Info.plist */ = {isa = PBXFileReference; lastKnownFileType = text.plist.xml; path = Info.plist; sourceTree = "<group>"; };
		185CDA491AE044760047C1D0 /* MoonRunnerTests.m */ = {isa = PBXFileReference; lastKnownFileType = sourcecode.c.objc; path = MoonRunnerTests.m; sourceTree = "<group>"; };
/* End PBXFileReference section */

/* Begin PBXFrameworksBuildPhase section */
		185CDA211AE044760047C1D0 /* Frameworks */ = {
			isa = PBXFrameworksBuildPhase;
			buildActionMask = 2147483647;
			files = (
			);
			runOnlyForDeploymentPostprocessing = 0;
		};
		185CDA401AE044760047C1D0 /* Frameworks */ = {
			isa = PBXFrameworksBuildPhase;
			buildActionMask = 2147483647;
			files = (
			);
			runOnlyForDeploymentPostprocessing = 0;
		};
/* End PBXFrameworksBuildPhase section */

/* Begin PBXGroup section */
		185CDA1B1AE044760047C1D0 = {
			isa = PBXGroup;
			children = (
				185CDA261AE044760047C1D0 /* MoonRunner */,
				185CDA461AE044760047C1D0 /* MoonRunnerTests */,
				185CDA251AE044760047C1D0 /* Products */,
			);
			sourceTree = "<group>";
		};
		185CDA251AE044760047C1D0 /* Products */ = {
			isa = PBXGroup;
			children = (
				185CDA241AE044760047C1D0 /* MoonRunner.app */,
				185CDA431AE044760047C1D0 /* MoonRunnerTests.xctest */,
			);
			name = Products;
			sourceTree = "<group>";
		};
		185CDA261AE044760047C1D0 /* MoonRunner */ = {
			isa = PBXGroup;
			children = (
				185CDA2B1AE044760047C1D0 /* AppDelegate.h */,
				185CDA2C1AE044760047C1D0 /* AppDelegate.m */,
				185CDA311AE044760047C1D0 /* MasterViewController.h */,
				185CDA321AE044760047C1D0 /* MasterViewController.m */,
				185CDA341AE044760047C1D0 /* DetailViewController.h */,
				185CDA351AE044760047C1D0 /* DetailViewController.m */,
				185CDA371AE044760047C1D0 /* Main.storyboard */,
				185CDA3A1AE044760047C1D0 /* Images.xcassets */,
				185CDA3C1AE044760047C1D0 /* LaunchScreen.xib */,
				185CDA2E1AE044760047C1D0 /* MoonRunner.xcdatamodeld */,
				185CDA271AE044760047C1D0 /* Supporting Files */,
			);
			path = MoonRunner;
			sourceTree = "<group>";
		};
		185CDA271AE044760047C1D0 /* Supporting Files */ = {
			isa = PBXGroup;
			children = (
				185CDA281AE044760047C1D0 /* Info.plist */,
				185CDA291AE044760047C1D0 /* main.m */,
			);
			name = "Supporting Files";
			sourceTree = "<group>";
		};
		185CDA461AE044760047C1D0 /* MoonRunnerTests */ = {
			isa = PBXGroup;
			children = (
				185CDA491AE044760047C1D0 /* MoonRunnerTests.m */,
				185CDA471AE044760047C1D0 /* Supporting Files */,
			);
			path = MoonRunnerTests;
			sourceTree = "<group>";
		};
		185CDA471AE044760047C1D0 /* Supporting Files */ = {
			isa = PBXGroup;
			children = (
				185CDA481AE044760047C1D0 /* Info.plist */,
			);
			name = "Supporting Files";
			sourceTree = "<group>";
		};
/* End PBXGroup section */

/* Begin PBXNativeTarget section */
		185CDA231AE044760047C1D0 /* MoonRunner */ = {
			isa = PBXNativeTarget;
			buildConfigurationList = 185CDA4D1AE044760047C1D0 /* Build configuration list for PBXNativeTarget "MoonRunner" */;
			buildPhases = (
				185CDA201AE044760047C1D0 /* Sources */,
				185CDA211AE044760047C1D0 /* Frameworks */,
				185CDA221AE044760047C1D0 /* Resources */,
			);
			buildRules = (
			);
			dependencies = (
			);
			name = MoonRunner;
			productName = MoonRunner;
			productReference = 185CDA241AE044760047C1D0 /* MoonRunner.app */;
			productType = "com.apple.product-type.application";
		};
		185CDA421AE044760047C1D0 /* MoonRunnerTests */ = {
			isa = PBXNativeTarget;
			buildConfigurationList = 185CDA501AE044760047C1D0 /* Build configuration list for PBXNativeTarget "MoonRunnerTests" */;
			buildPhases = (
				185CDA3F1AE044760047C1D0 /* Sources */,
				185CDA401AE044760047C1D0 /* Frameworks */,
				185CDA411AE044760047C1D0 /* Resources */,
			);
			buildRules = (
			);
			dependencies = (
				185CDA451AE044760047C1D0 /* PBXTargetDependency */,
			);
			name = MoonRunnerTests;
			productName = MoonRunnerTests;
			productReference = 185CDA431AE044760047C1D0 /* MoonRunnerTests.xctest */;
			productType = "com.apple.product-type.bundle.unit-test";
		};
/* End PBXNativeTarget section */

/* Begin PBXProject section */
		185CDA1C1AE044760047C1D0 /* Project object */ = {
			isa = PBXProject;
			attributes = {
				LastUpgradeCheck = 0610;
				ORGANIZATIONNAME = "Wai Wu";
				TargetAttributes = {
					185CDA231AE044760047C1D0 = {
						CreatedOnToolsVersion = 6.1.1;
					};
					185CDA421AE044760047C1D0 = {
						CreatedOnToolsVersion = 6.1.1;
						TestTargetID = 185CDA231AE044760047C1D0;
					};
				};
			};
			buildConfigurationList = 185CDA1F1AE044760047C1D0 /* Build configuration list for PBXProject "MoonRunner" */;
			compatibilityVersion = "Xcode 3.2";
			developmentRegion = English;
			hasScannedForEncodings = 0;
			knownRegions = (
				en,
				Base,
			);
			mainGroup = 185CDA1B1AE044760047C1D0;
			productRefGroup = 185CDA251AE044760047C1D0 /* Products */;
			projectDirPath = "";
			projectRoot = "";
			targets = (
				185CDA231AE044760047C1D0 /* MoonRunner */,
				185CDA421AE044760047C1D0 /* MoonRunnerTests */,
			);
		};
/* End PBXProject section */

/* Begin PBXResourcesBuildPhase section */
		185CDA221AE044760047C1D0 /* Resources */ = {
			isa = PBXResourcesBuildPhase;
			buildActionMask = 2147483647;
			files = (
				185CDA391AE044760047C1D0 /* Main.storyboard in Resources */,
				185CDA3E1AE044760047C1D0 /* LaunchScreen.xib in Resources */,
				185CDA3B1AE044760047C1D0 /* Images.xcassets in Resources */,
			);
			runOnlyForDeploymentPostprocessing = 0;
		};
		185CDA411AE044760047C1D0 /* Resources */ = {
			isa = PBXResourcesBuildPhase;
			buildActionMask = 2147483647;
			files = (
			);
			runOnlyForDeploymentPostprocessing = 0;
		};
/* End PBXResourcesBuildPhase section */

/* Begin PBXSourcesBuildPhase section */
		185CDA201AE044760047C1D0 /* Sources */ = {
			isa = PBXSourcesBuildPhase;
			buildActionMask = 2147483647;
			files = (
				185CDA361AE044760047C1D0 /* DetailViewController.m in Sources */,
				185CDA331AE044760047C1D0 /* MasterViewController.m in Sources */,
				185CDA2D1AE044760047C1D0 /* AppDelegate.m in Sources */,
				185CDA301AE044760047C1D0 /* MoonRunner.xcdatamodeld in Sources */,
				185CDA2A1AE044760047C1D0 /* main.m in Sources */,
			);
			runOnlyForDeploymentPostprocessing = 0;
		};
		185CDA3F1AE044760047C1D0 /* Sources */ = {
			isa = PBXSourcesBuildPhase;
			buildActionMask = 2147483647;
			files = (
				185CDA4A1AE044760047C1D0 /* MoonRunnerTests.m in Sources */,
			);
			runOnlyForDeploymentPostprocessing = 0;
		};
/* End PBXSourcesBuildPhase section */

/* Begin PBXTargetDependency section */
		185CDA451AE044760047C1D0 /* PBXTargetDependency */ = {
			isa = PBXTargetDependency;
			target = 185CDA231AE044760047C1D0 /* MoonRunner */;
			targetProxy = 185CDA441AE044760047C1D0 /* PBXContainerItemProxy */;
		};
/* End PBXTargetDependency section */

/* Begin PBXVariantGroup section */
		185CDA371AE044760047C1D0 /* Main.storyboard */ = {
			isa = PBXVariantGroup;
			children = (
				185CDA381AE044760047C1D0 /* Base */,
			);
			name = Main.storyboard;
			sourceTree = "<group>";
		};
		185CDA3C1AE044760047C1D0 /* LaunchScreen.xib */ = {
			isa = PBXVariantGroup;
			children = (
				185CDA3D1AE044760047C1D0 /* Base */,
			);
			name = LaunchScreen.xib;
			sourceTree = "<group>";
		};
/* End PBXVariantGroup section */

/* Begin XCBuildConfiguration section */
		185CDA4B1AE044760047C1D0 /* Debug */ = {
			isa = XCBuildConfiguration;
			buildSettings = {
				ALWAYS_SEARCH_USER_PATHS = NO;
				CLANG_CXX_LANGUAGE_STANDARD = "gnu++0x";
				CLANG_CXX_LIBRARY = "libc++";
				CLANG_ENABLE_MODULES = YES;
				CLANG_ENABLE_OBJC_ARC = YES;
				CLANG_WARN_BOOL_CONVERSION = YES;
				CLANG_WARN_CONSTANT_CONVERSION = YES;
				CLANG_WARN_DIRECT_OBJC_ISA_USAGE = YES_ERROR;
				CLANG_WARN_EMPTY_BODY = YES;
				CLANG_WARN_ENUM_CONVERSION = YES;
				CLANG_WARN_INT_CONVERSION = YES;
				CLANG_WARN_OBJC_ROOT_CLASS = YES_ERROR;
				CLANG_WARN_UNREACHABLE_CODE = YES;
				CLANG_WARN__DUPLICATE_METHOD_MATCH = YES;
				"CODE_SIGN_IDENTITY[sdk=iphoneos*]" = "iPhone Developer";
				COPY_PHASE_STRIP = NO;
				ENABLE_STRICT_OBJC_MSGSEND = YES;
				GCC_C_LANGUAGE_STANDARD = gnu99;
				GCC_DYNAMIC_NO_PIC = NO;
				GCC_OPTIMIZATION_LEVEL = 0;
				GCC_PREPROCESSOR_DEFINITIONS = (
					"DEBUG=1",
					"$(inherited)",
				);
				GCC_SYMBOLS_PRIVATE_EXTERN = NO;
				GCC_WARN_64_TO_32_BIT_CONVERSION = YES;
				GCC_WARN_ABOUT_RETURN_TYPE = YES_ERROR;
				GCC_WARN_UNDECLARED_SELECTOR = YES;
				GCC_WARN_UNINITIALIZED_AUTOS = YES_AGGRESSIVE;
				GCC_WARN_UNUSED_FUNCTION = YES;
				GCC_WARN_UNUSED_VARIABLE = YES;
				IPHONEOS_DEPLOYMENT_TARGET = 8.1;
				MTL_ENABLE_DEBUG_INFO = YES;
				ONLY_ACTIVE_ARCH = YES;
				SDKROOT = iphoneos;
			};
			name = Debug;
		};
		185CDA4C1AE044760047C1D0 /* Release */ = {
			isa = XCBuildConfiguration;
			buildSettings = {
				ALWAYS_SEARCH_USER_PATHS = NO;
				CLANG_CXX_LANGUAGE_STANDARD = "gnu++0x";
				CLANG_CXX_LIBRARY = "libc++";
				CLANG_ENABLE_MODULES = YES;
				CLANG_ENABLE_OBJC_ARC = YES;
				CLANG_WARN_BOOL_CONVERSION = YES;
				CLANG_WARN_CONSTANT_CONVERSION = YES;
				CLANG_WARN_DIRECT_OBJC_ISA_USAGE = YES_ERROR;
				CLANG_WARN_EMPTY_BODY = YES;
				CLANG_WARN_ENUM_CONVERSION = YES;
				CLANG_WARN_INT_CONVERSION = YES;
				CLANG_WARN_OBJC_ROOT_CLASS = YES_ERROR;
				CLANG_WARN_UNREACHABLE_CODE = YES;
				CLANG_WARN__DUPLICATE_METHOD_MATCH = YES;
				"CODE_SIGN_IDENTITY[sdk=iphoneos*]" = "iPhone Developer";
				COPY_PHASE_STRIP = YES;
				ENABLE_NS_ASSERTIONS = NO;
				ENABLE_STRICT_OBJC_MSGSEND = YES;
				GCC_C_LANGUAGE_STANDARD = gnu99;
				GCC_WARN_64_TO_32_BIT_CONVERSION = YES;
				GCC_WARN_ABOUT_RETURN_TYPE = YES_ERROR;
				GCC_WARN_UNDECLARED_SELECTOR = YES;
				GCC_WARN_UNINITIALIZED_AUTOS = YES_AGGRESSIVE;
				GCC_WARN_UNUSED_FUNCTION = YES;
				GCC_WARN_UNUSED_VARIABLE = YES;
				IPHONEOS_DEPLOYMENT_TARGET = 8.1;
				MTL_ENABLE_DEBUG_INFO = NO;
				SDKROOT = iphoneos;
				VALIDATE_PRODUCT = YES;
			};
			name = Release;
		};
		185CDA4E1AE044760047C1D0 /* Debug */ = {
			isa = XCBuildConfiguration;
			buildSettings = {
				ASSETCATALOG_COMPILER_APPICON_NAME = AppIcon;
				INFOPLIST_FILE = MoonRunner/Info.plist;
				LD_RUNPATH_SEARCH_PATHS = "$(inherited) @executable_path/Frameworks";
				PRODUCT_NAME = "$(TARGET_NAME)";
			};
			name = Debug;
		};
		185CDA4F1AE044760047C1D0 /* Release */ = {
			isa = XCBuildConfiguration;
			buildSettings = {
				ASSETCATALOG_COMPILER_APPICON_NAME = AppIcon;
				INFOPLIST_FILE = MoonRunner/Info.plist;
				LD_RUNPATH_SEARCH_PATHS = "$(inherited) @executable_path/Frameworks";
				PRODUCT_NAME = "$(TARGET_NAME)";
			};
			name = Release;
		};
		185CDA511AE044760047C1D0 /* Debug */ = {
			isa = XCBuildConfiguration;
			buildSettings = {
				BUNDLE_LOADER = "$(TEST_HOST)";
				FRAMEWORK_SEARCH_PATHS = (
					"$(SDKROOT)/Developer/Library/Frameworks",
					"$(inherited)",
				);
				GCC_PREPROCESSOR_DEFINITIONS = (
					"DEBUG=1",
					"$(inherited)",
				);
				INFOPLIST_FILE = MoonRunnerTests/Info.plist;
				LD_RUNPATH_SEARCH_PATHS = "$(inherited) @executable_path/Frameworks @loader_path/Frameworks";
				PRODUCT_NAME = "$(TARGET_NAME)";
				TEST_HOST = "$(BUILT_PRODUCTS_DIR)/MoonRunner.app/MoonRunner";
			};
			name = Debug;
		};
		185CDA521AE044760047C1D0 /* Release */ = {
			isa = XCBuildConfiguration;
			buildSettings = {
				BUNDLE_LOADER = "$(TEST_HOST)";
				FRAMEWORK_SEARCH_PATHS = (
					"$(SDKROOT)/Developer/Library/Frameworks",
					"$(inherited)",
				);
				INFOPLIST_FILE = MoonRunnerTests/Info.plist;
				LD_RUNPATH_SEARCH_PATHS = "$(inherited) @executable_path/Frameworks @loader_path/Frameworks";
				PRODUCT_NAME = "$(TARGET_NAME)";
				TEST_HOST = "$(BUILT_PRODUCTS_DIR)/MoonRunner.app/MoonRunner";
			};
			name = Release;
		};
/* End XCBuildConfiguration section */

/* Begin XCConfigurationList section */
		185CDA1F1AE044760047C1D0 /* Build configuration list for PBXProject "MoonRunner" */ = {
			isa = XCConfigurationList;
			buildConfigurations = (
				185CDA4B1AE044760047C1D0 /* Debug */,
				185CDA4C1AE044760047C1D0 /* Release */,
			);
			defaultConfigurationIsVisible = 0;
			defaultConfigurationName = Release;
		};
		185CDA4D1AE044760047C1D0 /* Build configuration list for PBXNativeTarget "MoonRunner" */ = {
			isa = XCConfigurationList;
			buildConfigurations = (
				185CDA4E1AE044760047C1D0 /* Debug */,
				185CDA4F1AE044760047C1D0 /* Release */,
			);
			defaultConfigurationIsVisible = 0;
		};
		185CDA501AE044760047C1D0 /* Build configuration list for PBXNativeTarget "MoonRunnerTests" */ = {
			isa = XCConfigurationList;
			buildConfigurations = (
				185CDA511AE044760047C1D0 /* Debug */,
				185CDA521AE044760047C1D0 /* Release */,
			);
			defaultConfigurationIsVisible = 0;
		};
/* End XCConfigurationList section */

/* Begin XCVersionGroup section */
		185CDA2E1AE044760047C1D0 /* MoonRunner.xcdatamodeld */ = {
			isa = XCVersionGroup;
			children = (
				185CDA2F1AE044760047C1D0 /* MoonRunner.xcdatamodel */,
			);
			currentVersion = 185CDA2F1AE044760047C1D0 /* MoonRunner.xcdatamodel */;
			path = MoonRunner.xcdatamodeld;
			sourceTree = "<group>";
			versionGroupType = wrapper.xcdatamodel;
		};
/* End XCVersionGroup section */
	};
	rootObject = 185CDA1C1AE044760047C1D0 /* Project object */;
}
